<?xml version="1.0" encoding="utf-8"?>
<Project ToolsVersion="4.0" xmlns="http://schemas.microsoft.com/developer/msbuild/2003">
  <ItemGroup>
    <None Include="Assets\Scripts\test.lua" />
    <None Include="Assets\Scripts\EngineAPI.lua" />
    <None Include=".vscode\Settings.json" />
  </ItemGroup>
</Project>