
Microsoft Visual Studio Solution File, Format Version 12.00
# Visual Studio Version 17
VisualStudioVersion = 17.8.34408.163
MinimumVisualStudioVersion = 10.0.40219.1
Project("{8BC9CEB8-8B4A-11D0-8D11-00A0C91BC942}") = "Directx11", "Directx11\Directx11.vcxproj", "{37481888-96FD-486F-9AE2-BD3DA6CAC71E}"
EndProject
Project("{8BC9CEB8-8B4A-11D0-8D11-00A0C91BC942}") = "DirectXTex", "Dependances\DirectXTex\DirectXTex\DirectXTex_Desktop_2022_Win10.vcxproj", "{371B9FA9-4C90-4AC6-A123-ACED756D6C77}"
EndProject
Project("{8BC9CEB8-8B4A-11D0-8D11-00A0C91BC942}") = "assimp", "Dependances\assimp-master\Build\code\assimp.vcxproj", "{5DA86718-3C67-3C13-8043-F41967B0E06C}"
EndProject
Project("{8BC9CEB8-8B4A-11D0-8D11-00A0C91BC942}") = "Jolt", "Dependances\JoltPhysics-master\Build\VS2022_Clang\Build\Jolt.vcxproj", "{3A596517-5927-3577-BF96-8EE6A26C7BFD}"
EndProject
Global
	GlobalSection(SolutionConfigurationPlatforms) = preSolution
		Debug|ARM64 = Debug|ARM64
		Debug|x64 = Debug|x64
		Debug|x86 = Debug|x86
		Distribution|ARM64 = Distribution|ARM64
		Distribution|x64 = Distribution|x64
		Distribution|x86 = Distribution|x86
		MinSizeRel|ARM64 = MinSizeRel|ARM64
		MinSizeRel|x64 = MinSizeRel|x64
		MinSizeRel|x86 = MinSizeRel|x86
		Profile|ARM64 = Profile|ARM64
		Profile|x64 = Profile|x64
		Profile|x86 = Profile|x86
		Release|ARM64 = Release|ARM64
		Release|x64 = Release|x64
		Release|x86 = Release|x86
		RelWithDebInfo|ARM64 = RelWithDebInfo|ARM64
		RelWithDebInfo|x64 = RelWithDebInfo|x64
		RelWithDebInfo|x86 = RelWithDebInfo|x86
	EndGlobalSection
	GlobalSection(ProjectConfigurationPlatforms) = postSolution
		{37481888-96FD-486F-9AE2-BD3DA6CAC71E}.Debug|ARM64.ActiveCfg = Debug|x64
		{37481888-96FD-486F-9AE2-BD3DA6CAC71E}.Debug|ARM64.Build.0 = Debug|x64
		{37481888-96FD-486F-9AE2-BD3DA6CAC71E}.Debug|x64.ActiveCfg = Debug|x64
		{37481888-96FD-486F-9AE2-BD3DA6CAC71E}.Debug|x64.Build.0 = Debug|x64
		{37481888-96FD-486F-9AE2-BD3DA6CAC71E}.Debug|x86.ActiveCfg = Debug|Win32
		{37481888-96FD-486F-9AE2-BD3DA6CAC71E}.Debug|x86.Build.0 = Debug|Win32
		{37481888-96FD-486F-9AE2-BD3DA6CAC71E}.Distribution|ARM64.ActiveCfg = Debug|x64
		{37481888-96FD-486F-9AE2-BD3DA6CAC71E}.Distribution|ARM64.Build.0 = Debug|x64
		{37481888-96FD-486F-9AE2-BD3DA6CAC71E}.Distribution|x64.ActiveCfg = Debug|x64
		{37481888-96FD-486F-9AE2-BD3DA6CAC71E}.Distribution|x64.Build.0 = Debug|x64
		{37481888-96FD-486F-9AE2-BD3DA6CAC71E}.Distribution|x86.ActiveCfg = Debug|Win32
		{37481888-96FD-486F-9AE2-BD3DA6CAC71E}.Distribution|x86.Build.0 = Debug|Win32
		{37481888-96FD-486F-9AE2-BD3DA6CAC71E}.MinSizeRel|ARM64.ActiveCfg = Release|x64
		{37481888-96FD-486F-9AE2-BD3DA6CAC71E}.MinSizeRel|ARM64.Build.0 = Release|x64
		{37481888-96FD-486F-9AE2-BD3DA6CAC71E}.MinSizeRel|x64.ActiveCfg = Release|x64
		{37481888-96FD-486F-9AE2-BD3DA6CAC71E}.MinSizeRel|x64.Build.0 = Release|x64
		{37481888-96FD-486F-9AE2-BD3DA6CAC71E}.MinSizeRel|x86.ActiveCfg = Release|Win32
		{37481888-96FD-486F-9AE2-BD3DA6CAC71E}.MinSizeRel|x86.Build.0 = Release|Win32
		{37481888-96FD-486F-9AE2-BD3DA6CAC71E}.Profile|ARM64.ActiveCfg = Release|x64
		{37481888-96FD-486F-9AE2-BD3DA6CAC71E}.Profile|ARM64.Build.0 = Release|x64
		{37481888-96FD-486F-9AE2-BD3DA6CAC71E}.Profile|x64.ActiveCfg = Release|x64
		{37481888-96FD-486F-9AE2-BD3DA6CAC71E}.Profile|x64.Build.0 = Release|x64
		{37481888-96FD-486F-9AE2-BD3DA6CAC71E}.Profile|x86.ActiveCfg = Release|Win32
		{37481888-96FD-486F-9AE2-BD3DA6CAC71E}.Profile|x86.Build.0 = Release|Win32
		{37481888-96FD-486F-9AE2-BD3DA6CAC71E}.Release|ARM64.ActiveCfg = Release|x64
		{37481888-96FD-486F-9AE2-BD3DA6CAC71E}.Release|ARM64.Build.0 = Release|x64
		{37481888-96FD-486F-9AE2-BD3DA6CAC71E}.Release|x64.ActiveCfg = Release|x64
		{37481888-96FD-486F-9AE2-BD3DA6CAC71E}.Release|x64.Build.0 = Release|x64
		{37481888-96FD-486F-9AE2-BD3DA6CAC71E}.Release|x86.ActiveCfg = Release|Win32
		{37481888-96FD-486F-9AE2-BD3DA6CAC71E}.Release|x86.Build.0 = Release|Win32
		{37481888-96FD-486F-9AE2-BD3DA6CAC71E}.RelWithDebInfo|ARM64.ActiveCfg = Release|x64
		{37481888-96FD-486F-9AE2-BD3DA6CAC71E}.RelWithDebInfo|ARM64.Build.0 = Release|x64
		{37481888-96FD-486F-9AE2-BD3DA6CAC71E}.RelWithDebInfo|x64.ActiveCfg = Release|x64
		{37481888-96FD-486F-9AE2-BD3DA6CAC71E}.RelWithDebInfo|x64.Build.0 = Release|x64
		{37481888-96FD-486F-9AE2-BD3DA6CAC71E}.RelWithDebInfo|x86.ActiveCfg = Release|Win32
		{37481888-96FD-486F-9AE2-BD3DA6CAC71E}.RelWithDebInfo|x86.Build.0 = Release|Win32
		{371B9FA9-4C90-4AC6-A123-ACED756D6C77}.Debug|ARM64.ActiveCfg = Debug|ARM64
		{371B9FA9-4C90-4AC6-A123-ACED756D6C77}.Debug|ARM64.Build.0 = Debug|ARM64
		{371B9FA9-4C90-4AC6-A123-ACED756D6C77}.Debug|x64.ActiveCfg = Debug|x64
		{371B9FA9-4C90-4AC6-A123-ACED756D6C77}.Debug|x64.Build.0 = Debug|x64
		{371B9FA9-4C90-4AC6-A123-ACED756D6C77}.Debug|x86.ActiveCfg = Debug|Win32
		{371B9FA9-4C90-4AC6-A123-ACED756D6C77}.Debug|x86.Build.0 = Debug|Win32
		{371B9FA9-4C90-4AC6-A123-ACED756D6C77}.Distribution|ARM64.ActiveCfg = Debug|ARM64
		{371B9FA9-4C90-4AC6-A123-ACED756D6C77}.Distribution|ARM64.Build.0 = Debug|ARM64
		{371B9FA9-4C90-4AC6-A123-ACED756D6C77}.Distribution|x64.ActiveCfg = Debug|x64
		{371B9FA9-4C90-4AC6-A123-ACED756D6C77}.Distribution|x64.Build.0 = Debug|x64
		{371B9FA9-4C90-4AC6-A123-ACED756D6C77}.Distribution|x86.ActiveCfg = Debug|Win32
		{371B9FA9-4C90-4AC6-A123-ACED756D6C77}.Distribution|x86.Build.0 = Debug|Win32
		{371B9FA9-4C90-4AC6-A123-ACED756D6C77}.MinSizeRel|ARM64.ActiveCfg = Profile|ARM64
		{371B9FA9-4C90-4AC6-A123-ACED756D6C77}.MinSizeRel|ARM64.Build.0 = Profile|ARM64
		{371B9FA9-4C90-4AC6-A123-ACED756D6C77}.MinSizeRel|x64.ActiveCfg = Profile|x64
		{371B9FA9-4C90-4AC6-A123-ACED756D6C77}.MinSizeRel|x64.Build.0 = Profile|x64
		{371B9FA9-4C90-4AC6-A123-ACED756D6C77}.MinSizeRel|x86.ActiveCfg = Debug|Win32
		{371B9FA9-4C90-4AC6-A123-ACED756D6C77}.MinSizeRel|x86.Build.0 = Debug|Win32
		{371B9FA9-4C90-4AC6-A123-ACED756D6C77}.Profile|ARM64.ActiveCfg = Profile|ARM64
		{371B9FA9-4C90-4AC6-A123-ACED756D6C77}.Profile|ARM64.Build.0 = Profile|ARM64
		{371B9FA9-4C90-4AC6-A123-ACED756D6C77}.Profile|x64.ActiveCfg = Profile|x64
		{371B9FA9-4C90-4AC6-A123-ACED756D6C77}.Profile|x64.Build.0 = Profile|x64
		{371B9FA9-4C90-4AC6-A123-ACED756D6C77}.Profile|x86.ActiveCfg = Profile|Win32
		{371B9FA9-4C90-4AC6-A123-ACED756D6C77}.Profile|x86.Build.0 = Profile|Win32
		{371B9FA9-4C90-4AC6-A123-ACED756D6C77}.Release|ARM64.ActiveCfg = Release|ARM64
		{371B9FA9-4C90-4AC6-A123-ACED756D6C77}.Release|ARM64.Build.0 = Release|ARM64
		{371B9FA9-4C90-4AC6-A123-ACED756D6C77}.Release|x64.ActiveCfg = Release|x64
		{371B9FA9-4C90-4AC6-A123-ACED756D6C77}.Release|x64.Build.0 = Release|x64
		{371B9FA9-4C90-4AC6-A123-ACED756D6C77}.Release|x86.ActiveCfg = Release|Win32
		{371B9FA9-4C90-4AC6-A123-ACED756D6C77}.Release|x86.Build.0 = Release|Win32
		{371B9FA9-4C90-4AC6-A123-ACED756D6C77}.RelWithDebInfo|ARM64.ActiveCfg = Release|ARM64
		{371B9FA9-4C90-4AC6-A123-ACED756D6C77}.RelWithDebInfo|ARM64.Build.0 = Release|ARM64
		{371B9FA9-4C90-4AC6-A123-ACED756D6C77}.RelWithDebInfo|x64.ActiveCfg = Release|x64
		{371B9FA9-4C90-4AC6-A123-ACED756D6C77}.RelWithDebInfo|x64.Build.0 = Release|x64
		{371B9FA9-4C90-4AC6-A123-ACED756D6C77}.RelWithDebInfo|x86.ActiveCfg = Release|Win32
		{371B9FA9-4C90-4AC6-A123-ACED756D6C77}.RelWithDebInfo|x86.Build.0 = Release|Win32
		{5DA86718-3C67-3C13-8043-F41967B0E06C}.Debug|ARM64.ActiveCfg = Debug|x64
		{5DA86718-3C67-3C13-8043-F41967B0E06C}.Debug|ARM64.Build.0 = Debug|x64
		{5DA86718-3C67-3C13-8043-F41967B0E06C}.Debug|x64.ActiveCfg = Debug|x64
		{5DA86718-3C67-3C13-8043-F41967B0E06C}.Debug|x64.Build.0 = Debug|x64
		{5DA86718-3C67-3C13-8043-F41967B0E06C}.Debug|x86.ActiveCfg = Debug|x64
		{5DA86718-3C67-3C13-8043-F41967B0E06C}.Debug|x86.Build.0 = Debug|x64
		{5DA86718-3C67-3C13-8043-F41967B0E06C}.Distribution|ARM64.ActiveCfg = Debug|x64
		{5DA86718-3C67-3C13-8043-F41967B0E06C}.Distribution|ARM64.Build.0 = Debug|x64
		{5DA86718-3C67-3C13-8043-F41967B0E06C}.Distribution|x64.ActiveCfg = Debug|x64
		{5DA86718-3C67-3C13-8043-F41967B0E06C}.Distribution|x64.Build.0 = Debug|x64
		{5DA86718-3C67-3C13-8043-F41967B0E06C}.Distribution|x86.ActiveCfg = Debug|x64
		{5DA86718-3C67-3C13-8043-F41967B0E06C}.Distribution|x86.Build.0 = Debug|x64
		{5DA86718-3C67-3C13-8043-F41967B0E06C}.MinSizeRel|ARM64.ActiveCfg = MinSizeRel|x64
		{5DA86718-3C67-3C13-8043-F41967B0E06C}.MinSizeRel|ARM64.Build.0 = MinSizeRel|x64
		{5DA86718-3C67-3C13-8043-F41967B0E06C}.MinSizeRel|x64.ActiveCfg = MinSizeRel|x64
		{5DA86718-3C67-3C13-8043-F41967B0E06C}.MinSizeRel|x64.Build.0 = MinSizeRel|x64
		{5DA86718-3C67-3C13-8043-F41967B0E06C}.MinSizeRel|x86.ActiveCfg = MinSizeRel|x64
		{5DA86718-3C67-3C13-8043-F41967B0E06C}.MinSizeRel|x86.Build.0 = MinSizeRel|x64
		{5DA86718-3C67-3C13-8043-F41967B0E06C}.Profile|ARM64.ActiveCfg = RelWithDebInfo|x64
		{5DA86718-3C67-3C13-8043-F41967B0E06C}.Profile|ARM64.Build.0 = RelWithDebInfo|x64
		{5DA86718-3C67-3C13-8043-F41967B0E06C}.Profile|x64.ActiveCfg = RelWithDebInfo|x64
		{5DA86718-3C67-3C13-8043-F41967B0E06C}.Profile|x64.Build.0 = RelWithDebInfo|x64
		{5DA86718-3C67-3C13-8043-F41967B0E06C}.Profile|x86.ActiveCfg = RelWithDebInfo|x64
		{5DA86718-3C67-3C13-8043-F41967B0E06C}.Profile|x86.Build.0 = RelWithDebInfo|x64
		{5DA86718-3C67-3C13-8043-F41967B0E06C}.Release|ARM64.ActiveCfg = Release|x64
		{5DA86718-3C67-3C13-8043-F41967B0E06C}.Release|ARM64.Build.0 = Release|x64
		{5DA86718-3C67-3C13-8043-F41967B0E06C}.Release|x64.ActiveCfg = Release|x64
		{5DA86718-3C67-3C13-8043-F41967B0E06C}.Release|x64.Build.0 = Release|x64
		{5DA86718-3C67-3C13-8043-F41967B0E06C}.Release|x86.ActiveCfg = Release|x64
		{5DA86718-3C67-3C13-8043-F41967B0E06C}.Release|x86.Build.0 = Release|x64
		{5DA86718-3C67-3C13-8043-F41967B0E06C}.RelWithDebInfo|ARM64.ActiveCfg = RelWithDebInfo|x64
		{5DA86718-3C67-3C13-8043-F41967B0E06C}.RelWithDebInfo|ARM64.Build.0 = RelWithDebInfo|x64
		{5DA86718-3C67-3C13-8043-F41967B0E06C}.RelWithDebInfo|x64.ActiveCfg = RelWithDebInfo|x64
		{5DA86718-3C67-3C13-8043-F41967B0E06C}.RelWithDebInfo|x64.Build.0 = RelWithDebInfo|x64
		{5DA86718-3C67-3C13-8043-F41967B0E06C}.RelWithDebInfo|x86.ActiveCfg = RelWithDebInfo|x64
		{5DA86718-3C67-3C13-8043-F41967B0E06C}.RelWithDebInfo|x86.Build.0 = RelWithDebInfo|x64
		{3A596517-5927-3577-BF96-8EE6A26C7BFD}.Debug|ARM64.ActiveCfg = Debug|x64
		{3A596517-5927-3577-BF96-8EE6A26C7BFD}.Debug|ARM64.Build.0 = Debug|x64
		{3A596517-5927-3577-BF96-8EE6A26C7BFD}.Debug|x64.ActiveCfg = Debug|x64
		{3A596517-5927-3577-BF96-8EE6A26C7BFD}.Debug|x64.Build.0 = Debug|x64
		{3A596517-5927-3577-BF96-8EE6A26C7BFD}.Debug|x86.ActiveCfg = Debug|x64
		{3A596517-5927-3577-BF96-8EE6A26C7BFD}.Debug|x86.Build.0 = Debug|x64
		{3A596517-5927-3577-BF96-8EE6A26C7BFD}.Distribution|ARM64.ActiveCfg = Distribution|x64
		{3A596517-5927-3577-BF96-8EE6A26C7BFD}.Distribution|ARM64.Build.0 = Distribution|x64
		{3A596517-5927-3577-BF96-8EE6A26C7BFD}.Distribution|x64.ActiveCfg = Distribution|x64
		{3A596517-5927-3577-BF96-8EE6A26C7BFD}.Distribution|x64.Build.0 = Distribution|x64
		{3A596517-5927-3577-BF96-8EE6A26C7BFD}.Distribution|x86.ActiveCfg = Distribution|x64
		{3A596517-5927-3577-BF96-8EE6A26C7BFD}.Distribution|x86.Build.0 = Distribution|x64
		{3A596517-5927-3577-BF96-8EE6A26C7BFD}.MinSizeRel|ARM64.ActiveCfg = Debug|x64
		{3A596517-5927-3577-BF96-8EE6A26C7BFD}.MinSizeRel|ARM64.Build.0 = Debug|x64
		{3A596517-5927-3577-BF96-8EE6A26C7BFD}.MinSizeRel|x64.ActiveCfg = Debug|x64
		{3A596517-5927-3577-BF96-8EE6A26C7BFD}.MinSizeRel|x64.Build.0 = Debug|x64
		{3A596517-5927-3577-BF96-8EE6A26C7BFD}.MinSizeRel|x86.ActiveCfg = Debug|x64
		{3A596517-5927-3577-BF96-8EE6A26C7BFD}.MinSizeRel|x86.Build.0 = Debug|x64
		{3A596517-5927-3577-BF96-8EE6A26C7BFD}.Profile|ARM64.ActiveCfg = Debug|x64
		{3A596517-5927-3577-BF96-8EE6A26C7BFD}.Profile|ARM64.Build.0 = Debug|x64
		{3A596517-5927-3577-BF96-8EE6A26C7BFD}.Profile|x64.ActiveCfg = Debug|x64
		{3A596517-5927-3577-BF96-8EE6A26C7BFD}.Profile|x64.Build.0 = Debug|x64
		{3A596517-5927-3577-BF96-8EE6A26C7BFD}.Profile|x86.ActiveCfg = Debug|x64
		{3A596517-5927-3577-BF96-8EE6A26C7BFD}.Profile|x86.Build.0 = Debug|x64
		{3A596517-5927-3577-BF96-8EE6A26C7BFD}.Release|ARM64.ActiveCfg = Release|x64
		{3A596517-5927-3577-BF96-8EE6A26C7BFD}.Release|ARM64.Build.0 = Release|x64
		{3A596517-5927-3577-BF96-8EE6A26C7BFD}.Release|x64.ActiveCfg = Release|x64
		{3A596517-5927-3577-BF96-8EE6A26C7BFD}.Release|x64.Build.0 = Release|x64
		{3A596517-5927-3577-BF96-8EE6A26C7BFD}.Release|x86.ActiveCfg = Release|x64
		{3A596517-5927-3577-BF96-8EE6A26C7BFD}.Release|x86.Build.0 = Release|x64
		{3A596517-5927-3577-BF96-8EE6A26C7BFD}.RelWithDebInfo|ARM64.ActiveCfg = Release|x64
		{3A596517-5927-3577-BF96-8EE6A26C7BFD}.RelWithDebInfo|ARM64.Build.0 = Release|x64
		{3A596517-5927-3577-BF96-8EE6A26C7BFD}.RelWithDebInfo|x64.ActiveCfg = Release|x64
		{3A596517-5927-3577-BF96-8EE6A26C7BFD}.RelWithDebInfo|x64.Build.0 = Release|x64
		{3A596517-5927-3577-BF96-8EE6A26C7BFD}.RelWithDebInfo|x86.ActiveCfg = Release|x64
		{3A596517-5927-3577-BF96-8EE6A26C7BFD}.RelWithDebInfo|x86.Build.0 = Release|x64
	EndGlobalSection
	GlobalSection(SolutionProperties) = preSolution
		HideSolutionNode = FALSE
	EndGlobalSection
	GlobalSection(ExtensibilityGlobals) = postSolution
		SolutionGuid = {4FF9823C-CE8D-4789-87EE-13A96156C491}
	EndGlobalSection
EndGlobal
