
Microsoft Visual Studio Solution File, Format Version 12.00
# Visual Studio Version 17
VisualStudioVersion = 17.8.34408.163
MinimumVisualStudioVersion = 10.0.40219.1
Project("{8BC9CEB8-8B4A-11D0-8D11-00A0C91BC942}") = "Directx11", "Directx11\Directx11.vcxproj", "{37481888-96FD-486F-9AE2-BD3DA6CAC71E}"
EndProject
Project("{8BC9CEB8-8B4A-11D0-8D11-00A0C91BC942}") = "assimp", "Dependances\assimp-master\Build\code\assimp.vcxproj", "{5DA86718-3C67-3C13-8043-F41967B0E06C}"
EndProject
Project("{8BC9CEB8-8B4A-11D0-8D11-00A0C91BC942}") = "Jolt", "Dependances\JoltPhysics\Build\VS2022_CL\Jolt.vcxproj", "{A143BD87-7769-3B50-BDDD-85E6F9C92FB2}"
EndProject
Project("{8BC9CEB8-8B4A-11D0-8D11-00A0C91BC942}") = "Game", "Game\Game.vcxproj", "{BD64078F-5F4F-4AA3-891F-A15B1FEE82B0}"
EndProject
Global
	GlobalSection(SolutionConfigurationPlatforms) = preSolution
		Debug|ARM64 = Debug|ARM64
		Debug|x64 = Debug|x64
		Debug|x86 = Debug|x86
		Distribution|ARM64 = Distribution|ARM64
		Distribution|x64 = Distribution|x64
		Distribution|x86 = Distribution|x86
		MinSizeRel|ARM64 = MinSizeRel|ARM64
		MinSizeRel|x64 = MinSizeRel|x64
		MinSizeRel|x86 = MinSizeRel|x86
		Profile|ARM64 = Profile|ARM64
		Profile|x64 = Profile|x64
		Profile|x86 = Profile|x86
		Release|ARM64 = Release|ARM64
		Release|x64 = Release|x64
		Release|x86 = Release|x86
		RelWithDebInfo|ARM64 = RelWithDebInfo|ARM64
		RelWithDebInfo|x64 = RelWithDebInfo|x64
		RelWithDebInfo|x86 = RelWithDebInfo|x86
	EndGlobalSection
	GlobalSection(ProjectConfigurationPlatforms) = postSolution
		{37481888-96FD-486F-9AE2-BD3DA6CAC71E}.Debug|ARM64.ActiveCfg = Debug|x64
		{37481888-96FD-486F-9AE2-BD3DA6CAC71E}.Debug|ARM64.Build.0 = Debug|x64
		{37481888-96FD-486F-9AE2-BD3DA6CAC71E}.Debug|x64.ActiveCfg = Debug|x64
		{37481888-96FD-486F-9AE2-BD3DA6CAC71E}.Debug|x64.Build.0 = Debug|x64
		{37481888-96FD-486F-9AE2-BD3DA6CAC71E}.Debug|x86.ActiveCfg = Debug|Win32
		{37481888-96FD-486F-9AE2-BD3DA6CAC71E}.Debug|x86.Build.0 = Debug|Win32
		{37481888-96FD-486F-9AE2-BD3DA6CAC71E}.Distribution|ARM64.ActiveCfg = Debug|x64
		{37481888-96FD-486F-9AE2-BD3DA6CAC71E}.Distribution|ARM64.Build.0 = Debug|x64
		{37481888-96FD-486F-9AE2-BD3DA6CAC71E}.Distribution|x64.ActiveCfg = Debug|x64
		{37481888-96FD-486F-9AE2-BD3DA6CAC71E}.Distribution|x64.Build.0 = Debug|x64
		{37481888-96FD-486F-9AE2-BD3DA6CAC71E}.Distribution|x86.ActiveCfg = Debug|Win32
		{37481888-96FD-486F-9AE2-BD3DA6CAC71E}.Distribution|x86.Build.0 = Debug|Win32
		{37481888-96FD-486F-9AE2-BD3DA6CAC71E}.MinSizeRel|ARM64.ActiveCfg = Release|x64
		{37481888-96FD-486F-9AE2-BD3DA6CAC71E}.MinSizeRel|ARM64.Build.0 = Release|x64
		{37481888-96FD-486F-9AE2-BD3DA6CAC71E}.MinSizeRel|x64.ActiveCfg = Release|x64
		{37481888-96FD-486F-9AE2-BD3DA6CAC71E}.MinSizeRel|x64.Build.0 = Release|x64
		{37481888-96FD-486F-9AE2-BD3DA6CAC71E}.MinSizeRel|x86.ActiveCfg = Release|Win32
		{37481888-96FD-486F-9AE2-BD3DA6CAC71E}.MinSizeRel|x86.Build.0 = Release|Win32
		{37481888-96FD-486F-9AE2-BD3DA6CAC71E}.Profile|ARM64.ActiveCfg = Release|x64
		{37481888-96FD-486F-9AE2-BD3DA6CAC71E}.Profile|ARM64.Build.0 = Release|x64
		{37481888-96FD-486F-9AE2-BD3DA6CAC71E}.Profile|x64.ActiveCfg = Release|x64
		{37481888-96FD-486F-9AE2-BD3DA6CAC71E}.Profile|x64.Build.0 = Release|x64
		{37481888-96FD-486F-9AE2-BD3DA6CAC71E}.Profile|x86.ActiveCfg = Release|Win32
		{37481888-96FD-486F-9AE2-BD3DA6CAC71E}.Profile|x86.Build.0 = Release|Win32
		{37481888-96FD-486F-9AE2-BD3DA6CAC71E}.Release|ARM64.ActiveCfg = Release|x64
		{37481888-96FD-486F-9AE2-BD3DA6CAC71E}.Release|ARM64.Build.0 = Release|x64
		{37481888-96FD-486F-9AE2-BD3DA6CAC71E}.Release|x64.ActiveCfg = Release|x64
		{37481888-96FD-486F-9AE2-BD3DA6CAC71E}.Release|x64.Build.0 = Release|x64
		{37481888-96FD-486F-9AE2-BD3DA6CAC71E}.Release|x86.ActiveCfg = Release|Win32
		{37481888-96FD-486F-9AE2-BD3DA6CAC71E}.Release|x86.Build.0 = Release|Win32
		{37481888-96FD-486F-9AE2-BD3DA6CAC71E}.RelWithDebInfo|ARM64.ActiveCfg = Release|x64
		{37481888-96FD-486F-9AE2-BD3DA6CAC71E}.RelWithDebInfo|ARM64.Build.0 = Release|x64
		{37481888-96FD-486F-9AE2-BD3DA6CAC71E}.RelWithDebInfo|x64.ActiveCfg = Release|x64
		{37481888-96FD-486F-9AE2-BD3DA6CAC71E}.RelWithDebInfo|x64.Build.0 = Release|x64
		{37481888-96FD-486F-9AE2-BD3DA6CAC71E}.RelWithDebInfo|x86.ActiveCfg = Release|Win32
		{37481888-96FD-486F-9AE2-BD3DA6CAC71E}.RelWithDebInfo|x86.Build.0 = Release|Win32
		{5DA86718-3C67-3C13-8043-F41967B0E06C}.Debug|ARM64.ActiveCfg = Debug|x64
		{5DA86718-3C67-3C13-8043-F41967B0E06C}.Debug|ARM64.Build.0 = Debug|x64
		{5DA86718-3C67-3C13-8043-F41967B0E06C}.Debug|x64.ActiveCfg = Debug|x64
		{5DA86718-3C67-3C13-8043-F41967B0E06C}.Debug|x64.Build.0 = Debug|x64
		{5DA86718-3C67-3C13-8043-F41967B0E06C}.Debug|x86.ActiveCfg = Debug|x64
		{5DA86718-3C67-3C13-8043-F41967B0E06C}.Debug|x86.Build.0 = Debug|x64
		{5DA86718-3C67-3C13-8043-F41967B0E06C}.Distribution|ARM64.ActiveCfg = Debug|x64
		{5DA86718-3C67-3C13-8043-F41967B0E06C}.Distribution|ARM64.Build.0 = Debug|x64
		{5DA86718-3C67-3C13-8043-F41967B0E06C}.Distribution|x64.ActiveCfg = Debug|x64
		{5DA86718-3C67-3C13-8043-F41967B0E06C}.Distribution|x64.Build.0 = Debug|x64
		{5DA86718-3C67-3C13-8043-F41967B0E06C}.Distribution|x86.ActiveCfg = Debug|x64
		{5DA86718-3C67-3C13-8043-F41967B0E06C}.Distribution|x86.Build.0 = Debug|x64
		{5DA86718-3C67-3C13-8043-F41967B0E06C}.MinSizeRel|ARM64.ActiveCfg = MinSizeRel|x64
		{5DA86718-3C67-3C13-8043-F41967B0E06C}.MinSizeRel|ARM64.Build.0 = MinSizeRel|x64
		{5DA86718-3C67-3C13-8043-F41967B0E06C}.MinSizeRel|x64.ActiveCfg = MinSizeRel|x64
		{5DA86718-3C67-3C13-8043-F41967B0E06C}.MinSizeRel|x64.Build.0 = MinSizeRel|x64
		{5DA86718-3C67-3C13-8043-F41967B0E06C}.MinSizeRel|x86.ActiveCfg = MinSizeRel|x64
		{5DA86718-3C67-3C13-8043-F41967B0E06C}.MinSizeRel|x86.Build.0 = MinSizeRel|x64
		{5DA86718-3C67-3C13-8043-F41967B0E06C}.Profile|ARM64.ActiveCfg = RelWithDebInfo|x64
		{5DA86718-3C67-3C13-8043-F41967B0E06C}.Profile|ARM64.Build.0 = RelWithDebInfo|x64
		{5DA86718-3C67-3C13-8043-F41967B0E06C}.Profile|x64.ActiveCfg = RelWithDebInfo|x64
		{5DA86718-3C67-3C13-8043-F41967B0E06C}.Profile|x64.Build.0 = RelWithDebInfo|x64
		{5DA86718-3C67-3C13-8043-F41967B0E06C}.Profile|x86.ActiveCfg = RelWithDebInfo|x64
		{5DA86718-3C67-3C13-8043-F41967B0E06C}.Profile|x86.Build.0 = RelWithDebInfo|x64
		{5DA86718-3C67-3C13-8043-F41967B0E06C}.Release|ARM64.ActiveCfg = Release|x64
		{5DA86718-3C67-3C13-8043-F41967B0E06C}.Release|ARM64.Build.0 = Release|x64
		{5DA86718-3C67-3C13-8043-F41967B0E06C}.Release|x64.ActiveCfg = Release|x64
		{5DA86718-3C67-3C13-8043-F41967B0E06C}.Release|x64.Build.0 = Release|x64
		{5DA86718-3C67-3C13-8043-F41967B0E06C}.Release|x86.ActiveCfg = Release|x64
		{5DA86718-3C67-3C13-8043-F41967B0E06C}.Release|x86.Build.0 = Release|x64
		{5DA86718-3C67-3C13-8043-F41967B0E06C}.RelWithDebInfo|ARM64.ActiveCfg = RelWithDebInfo|x64
		{5DA86718-3C67-3C13-8043-F41967B0E06C}.RelWithDebInfo|ARM64.Build.0 = RelWithDebInfo|x64
		{5DA86718-3C67-3C13-8043-F41967B0E06C}.RelWithDebInfo|x64.ActiveCfg = RelWithDebInfo|x64
		{5DA86718-3C67-3C13-8043-F41967B0E06C}.RelWithDebInfo|x64.Build.0 = RelWithDebInfo|x64
		{5DA86718-3C67-3C13-8043-F41967B0E06C}.RelWithDebInfo|x86.ActiveCfg = RelWithDebInfo|x64
		{5DA86718-3C67-3C13-8043-F41967B0E06C}.RelWithDebInfo|x86.Build.0 = RelWithDebInfo|x64
		{A143BD87-7769-3B50-BDDD-85E6F9C92FB2}.Debug|ARM64.ActiveCfg = Debug|x64
		{A143BD87-7769-3B50-BDDD-85E6F9C92FB2}.Debug|ARM64.Build.0 = Debug|x64
		{A143BD87-7769-3B50-BDDD-85E6F9C92FB2}.Debug|x64.ActiveCfg = Debug|x64
		{A143BD87-7769-3B50-BDDD-85E6F9C92FB2}.Debug|x64.Build.0 = Debug|x64
		{A143BD87-7769-3B50-BDDD-85E6F9C92FB2}.Debug|x86.ActiveCfg = Debug|x64
		{A143BD87-7769-3B50-BDDD-85E6F9C92FB2}.Debug|x86.Build.0 = Debug|x64
		{A143BD87-7769-3B50-BDDD-85E6F9C92FB2}.Distribution|ARM64.ActiveCfg = Distribution|x64
		{A143BD87-7769-3B50-BDDD-85E6F9C92FB2}.Distribution|ARM64.Build.0 = Distribution|x64
		{A143BD87-7769-3B50-BDDD-85E6F9C92FB2}.Distribution|x64.ActiveCfg = Distribution|x64
		{A143BD87-7769-3B50-BDDD-85E6F9C92FB2}.Distribution|x64.Build.0 = Distribution|x64
		{A143BD87-7769-3B50-BDDD-85E6F9C92FB2}.Distribution|x86.ActiveCfg = Distribution|x64
		{A143BD87-7769-3B50-BDDD-85E6F9C92FB2}.Distribution|x86.Build.0 = Distribution|x64
		{A143BD87-7769-3B50-BDDD-85E6F9C92FB2}.MinSizeRel|ARM64.ActiveCfg = Debug|x64
		{A143BD87-7769-3B50-BDDD-85E6F9C92FB2}.MinSizeRel|ARM64.Build.0 = Debug|x64
		{A143BD87-7769-3B50-BDDD-85E6F9C92FB2}.MinSizeRel|x64.ActiveCfg = Debug|x64
		{A143BD87-7769-3B50-BDDD-85E6F9C92FB2}.MinSizeRel|x64.Build.0 = Debug|x64
		{A143BD87-7769-3B50-BDDD-85E6F9C92FB2}.MinSizeRel|x86.ActiveCfg = Debug|x64
		{A143BD87-7769-3B50-BDDD-85E6F9C92FB2}.MinSizeRel|x86.Build.0 = Debug|x64
		{A143BD87-7769-3B50-BDDD-85E6F9C92FB2}.Profile|ARM64.ActiveCfg = Debug|x64
		{A143BD87-7769-3B50-BDDD-85E6F9C92FB2}.Profile|ARM64.Build.0 = Debug|x64
		{A143BD87-7769-3B50-BDDD-85E6F9C92FB2}.Profile|x64.ActiveCfg = Debug|x64
		{A143BD87-7769-3B50-BDDD-85E6F9C92FB2}.Profile|x64.Build.0 = Debug|x64
		{A143BD87-7769-3B50-BDDD-85E6F9C92FB2}.Profile|x86.ActiveCfg = Debug|x64
		{A143BD87-7769-3B50-BDDD-85E6F9C92FB2}.Profile|x86.Build.0 = Debug|x64
		{A143BD87-7769-3B50-BDDD-85E6F9C92FB2}.Release|ARM64.ActiveCfg = Release|x64
		{A143BD87-7769-3B50-BDDD-85E6F9C92FB2}.Release|ARM64.Build.0 = Release|x64
		{A143BD87-7769-3B50-BDDD-85E6F9C92FB2}.Release|x64.ActiveCfg = Release|x64
		{A143BD87-7769-3B50-BDDD-85E6F9C92FB2}.Release|x64.Build.0 = Release|x64
		{A143BD87-7769-3B50-BDDD-85E6F9C92FB2}.Release|x86.ActiveCfg = Release|x64
		{A143BD87-7769-3B50-BDDD-85E6F9C92FB2}.Release|x86.Build.0 = Release|x64
		{A143BD87-7769-3B50-BDDD-85E6F9C92FB2}.RelWithDebInfo|ARM64.ActiveCfg = Release|x64
		{A143BD87-7769-3B50-BDDD-85E6F9C92FB2}.RelWithDebInfo|ARM64.Build.0 = Release|x64
		{A143BD87-7769-3B50-BDDD-85E6F9C92FB2}.RelWithDebInfo|x64.ActiveCfg = Release|x64
		{A143BD87-7769-3B50-BDDD-85E6F9C92FB2}.RelWithDebInfo|x64.Build.0 = Release|x64
		{A143BD87-7769-3B50-BDDD-85E6F9C92FB2}.RelWithDebInfo|x86.ActiveCfg = Release|x64
		{A143BD87-7769-3B50-BDDD-85E6F9C92FB2}.RelWithDebInfo|x86.Build.0 = Release|x64
		{BD64078F-5F4F-4AA3-891F-A15B1FEE82B0}.Debug|ARM64.ActiveCfg = Debug|x64
		{BD64078F-5F4F-4AA3-891F-A15B1FEE82B0}.Debug|ARM64.Build.0 = Debug|x64
		{BD64078F-5F4F-4AA3-891F-A15B1FEE82B0}.Debug|x64.ActiveCfg = Debug|x64
		{BD64078F-5F4F-4AA3-891F-A15B1FEE82B0}.Debug|x64.Build.0 = Debug|x64
		{BD64078F-5F4F-4AA3-891F-A15B1FEE82B0}.Debug|x86.ActiveCfg = Debug|Win32
		{BD64078F-5F4F-4AA3-891F-A15B1FEE82B0}.Debug|x86.Build.0 = Debug|Win32
		{BD64078F-5F4F-4AA3-891F-A15B1FEE82B0}.Distribution|ARM64.ActiveCfg = Debug|x64
		{BD64078F-5F4F-4AA3-891F-A15B1FEE82B0}.Distribution|ARM64.Build.0 = Debug|x64
		{BD64078F-5F4F-4AA3-891F-A15B1FEE82B0}.Distribution|x64.ActiveCfg = Debug|x64
		{BD64078F-5F4F-4AA3-891F-A15B1FEE82B0}.Distribution|x64.Build.0 = Debug|x64
		{BD64078F-5F4F-4AA3-891F-A15B1FEE82B0}.Distribution|x86.ActiveCfg = Debug|Win32
		{BD64078F-5F4F-4AA3-891F-A15B1FEE82B0}.Distribution|x86.Build.0 = Debug|Win32
		{BD64078F-5F4F-4AA3-891F-A15B1FEE82B0}.MinSizeRel|ARM64.ActiveCfg = Debug|x64
		{BD64078F-5F4F-4AA3-891F-A15B1FEE82B0}.MinSizeRel|ARM64.Build.0 = Debug|x64
		{BD64078F-5F4F-4AA3-891F-A15B1FEE82B0}.MinSizeRel|x64.ActiveCfg = Debug|x64
		{BD64078F-5F4F-4AA3-891F-A15B1FEE82B0}.MinSizeRel|x64.Build.0 = Debug|x64
		{BD64078F-5F4F-4AA3-891F-A15B1FEE82B0}.MinSizeRel|x86.ActiveCfg = Debug|Win32
		{BD64078F-5F4F-4AA3-891F-A15B1FEE82B0}.MinSizeRel|x86.Build.0 = Debug|Win32
		{BD64078F-5F4F-4AA3-891F-A15B1FEE82B0}.Profile|ARM64.ActiveCfg = Debug|x64
		{BD64078F-5F4F-4AA3-891F-A15B1FEE82B0}.Profile|ARM64.Build.0 = Debug|x64
		{BD64078F-5F4F-4AA3-891F-A15B1FEE82B0}.Profile|x64.ActiveCfg = Debug|x64
		{BD64078F-5F4F-4AA3-891F-A15B1FEE82B0}.Profile|x64.Build.0 = Debug|x64
		{BD64078F-5F4F-4AA3-891F-A15B1FEE82B0}.Profile|x86.ActiveCfg = Debug|Win32
		{BD64078F-5F4F-4AA3-891F-A15B1FEE82B0}.Profile|x86.Build.0 = Debug|Win32
		{BD64078F-5F4F-4AA3-891F-A15B1FEE82B0}.Release|ARM64.ActiveCfg = Release|x64
		{BD64078F-5F4F-4AA3-891F-A15B1FEE82B0}.Release|ARM64.Build.0 = Release|x64
		{BD64078F-5F4F-4AA3-891F-A15B1FEE82B0}.Release|x64.ActiveCfg = Release|x64
		{BD64078F-5F4F-4AA3-891F-A15B1FEE82B0}.Release|x64.Build.0 = Release|x64
		{BD64078F-5F4F-4AA3-891F-A15B1FEE82B0}.Release|x86.ActiveCfg = Release|Win32
		{BD64078F-5F4F-4AA3-891F-A15B1FEE82B0}.Release|x86.Build.0 = Release|Win32
		{BD64078F-5F4F-4AA3-891F-A15B1FEE82B0}.RelWithDebInfo|ARM64.ActiveCfg = Release|x64
		{BD64078F-5F4F-4AA3-891F-A15B1FEE82B0}.RelWithDebInfo|ARM64.Build.0 = Release|x64
		{BD64078F-5F4F-4AA3-891F-A15B1FEE82B0}.RelWithDebInfo|x64.ActiveCfg = Release|x64
		{BD64078F-5F4F-4AA3-891F-A15B1FEE82B0}.RelWithDebInfo|x64.Build.0 = Release|x64
		{BD64078F-5F4F-4AA3-891F-A15B1FEE82B0}.RelWithDebInfo|x86.ActiveCfg = Release|Win32
		{BD64078F-5F4F-4AA3-891F-A15B1FEE82B0}.RelWithDebInfo|x86.Build.0 = Release|Win32
	EndGlobalSection
	GlobalSection(SolutionProperties) = preSolution
		HideSolutionNode = FALSE
	EndGlobalSection
	GlobalSection(ExtensibilityGlobals) = postSolution
		SolutionGuid = {4FF9823C-CE8D-4789-87EE-13A96156C491}
	EndGlobalSection
EndGlobal
