
Microsoft Visual Studio Solution File, Format Version 12.00
# Visual Studio Version 17
Project("{2150E333-8FDC-42A3-9474-1A3956D46DE8}") = "Solution Items", "Solution Items", "{8B123CAE-F71F-6A94-8006-667FEC12364B}"
	ProjectSection(SolutionItems) = preProject
		.editorconfig = .editorconfig
	EndProjectSection
EndProject
Project("{2150E333-8FDC-42A3-9474-1A3956D46DE8}") = "Tools", "Tools", "{DD376B17-49ED-E30C-D2E1-DDE33E96DA10}"
EndProject
Project("{8BC9CEB8-8B4A-11D0-8D11-00A0C91BC942}") = "Game", "Game\Game.vcxproj", "{7FA9857C-6BE0-860D-14CD-6C1000E3020F}"
EndProject
Project("{2150E333-8FDC-42A3-9474-1A3956D46DE8}") = "Core", "Core", "{15A0C35D-0158-05AB-6A5F-DE065636A09B}"
EndProject
Project("{8BC9CEB8-8B4A-11D0-8D11-00A0C91BC942}") = "DirectX11", "Directx11\DirectX11.vcxproj", "{5A877304-C6F1-277B-0F30-D9207BD905D0}"
EndProject
Project("{2150E333-8FDC-42A3-9474-1A3956D46DE8}") = "Dependencies", "Dependencies", "{53E47842-3FC8-3998-A828-34EB942B241A}"
EndProject
Project("{8BC9CEB8-8B4A-11D0-8D11-00A0C91BC942}") = "JoltPhysics", "Dependances\JoltPhysics\JoltPhysics.vcxproj", "{812AB974-EDDF-316A-76D4-2B41E288286E}"
EndProject
Project("{8BC9CEB8-8B4A-11D0-8D11-00A0C91BC942}") = "JoltViewer", "Dependances\JoltPhysics\JoltViewer.vcxproj", "{90451B40-7CFD-5C8D-E504-36E9D1DBF77D}"
EndProject
Project("{8BC9CEB8-8B4A-11D0-8D11-00A0C91BC942}") = "NVRHI-D3D12", "Dependances\NVRHI\NVRHI-D3D12.vcxproj", "{17EDD40C-83A2-4D02-0C97-47D9784B4406}"
EndProject
Global
	GlobalSection(SolutionConfigurationPlatforms) = preSolution
		Debug|x64 = Debug|x64
		Dist|x64 = Dist|x64
		Release|x64 = Release|x64
	EndGlobalSection
	GlobalSection(ProjectConfigurationPlatforms) = postSolution
		{7FA9857C-6BE0-860D-14CD-6C1000E3020F}.Debug|x64.ActiveCfg = Debug|x64
		{7FA9857C-6BE0-860D-14CD-6C1000E3020F}.Debug|x64.Build.0 = Debug|x64
		{7FA9857C-6BE0-860D-14CD-6C1000E3020F}.Dist|x64.ActiveCfg = Dist|x64
		{7FA9857C-6BE0-860D-14CD-6C1000E3020F}.Release|x64.ActiveCfg = Release|x64
		{7FA9857C-6BE0-860D-14CD-6C1000E3020F}.Release|x64.Build.0 = Release|x64
		{5A877304-C6F1-277B-0F30-D9207BD905D0}.Debug|x64.ActiveCfg = Debug|x64
		{5A877304-C6F1-277B-0F30-D9207BD905D0}.Debug|x64.Build.0 = Debug|x64
		{5A877304-C6F1-277B-0F30-D9207BD905D0}.Dist|x64.ActiveCfg = Dist|x64
		{5A877304-C6F1-277B-0F30-D9207BD905D0}.Dist|x64.Build.0 = Dist|x64
		{5A877304-C6F1-277B-0F30-D9207BD905D0}.Release|x64.ActiveCfg = Release|x64
		{5A877304-C6F1-277B-0F30-D9207BD905D0}.Release|x64.Build.0 = Release|x64
		{812AB974-EDDF-316A-76D4-2B41E288286E}.Debug|x64.ActiveCfg = Debug|x64
		{812AB974-EDDF-316A-76D4-2B41E288286E}.Debug|x64.Build.0 = Debug|x64
		{812AB974-EDDF-316A-76D4-2B41E288286E}.Dist|x64.ActiveCfg = Dist|x64
		{812AB974-EDDF-316A-76D4-2B41E288286E}.Dist|x64.Build.0 = Dist|x64
		{812AB974-EDDF-316A-76D4-2B41E288286E}.Release|x64.ActiveCfg = Release|x64
		{812AB974-EDDF-316A-76D4-2B41E288286E}.Release|x64.Build.0 = Release|x64
		{90451B40-7CFD-5C8D-E504-36E9D1DBF77D}.Debug|x64.ActiveCfg = Debug|x64
		{90451B40-7CFD-5C8D-E504-36E9D1DBF77D}.Debug|x64.Build.0 = Debug|x64
		{90451B40-7CFD-5C8D-E504-36E9D1DBF77D}.Dist|x64.ActiveCfg = Dist|x64
		{90451B40-7CFD-5C8D-E504-36E9D1DBF77D}.Dist|x64.Build.0 = Dist|x64
		{90451B40-7CFD-5C8D-E504-36E9D1DBF77D}.Release|x64.ActiveCfg = Release|x64
		{90451B40-7CFD-5C8D-E504-36E9D1DBF77D}.Release|x64.Build.0 = Release|x64
		{17EDD40C-83A2-4D02-0C97-47D9784B4406}.Debug|x64.ActiveCfg = Debug|x64
		{17EDD40C-83A2-4D02-0C97-47D9784B4406}.Debug|x64.Build.0 = Debug|x64
		{17EDD40C-83A2-4D02-0C97-47D9784B4406}.Dist|x64.ActiveCfg = Dist|x64
		{17EDD40C-83A2-4D02-0C97-47D9784B4406}.Dist|x64.Build.0 = Dist|x64
		{17EDD40C-83A2-4D02-0C97-47D9784B4406}.Release|x64.ActiveCfg = Release|x64
		{17EDD40C-83A2-4D02-0C97-47D9784B4406}.Release|x64.Build.0 = Release|x64
	EndGlobalSection
	GlobalSection(SolutionProperties) = preSolution
		HideSolutionNode = FALSE
	EndGlobalSection
	GlobalSection(NestedProjects) = preSolution
		{7FA9857C-6BE0-860D-14CD-6C1000E3020F} = {DD376B17-49ED-E30C-D2E1-DDE33E96DA10}
		{5A877304-C6F1-277B-0F30-D9207BD905D0} = {15A0C35D-0158-05AB-6A5F-DE065636A09B}
		{812AB974-EDDF-316A-76D4-2B41E288286E} = {53E47842-3FC8-3998-A828-34EB942B241A}
		{90451B40-7CFD-5C8D-E504-36E9D1DBF77D} = {53E47842-3FC8-3998-A828-34EB942B241A}
		{17EDD40C-83A2-4D02-0C97-47D9784B4406} = {53E47842-3FC8-3998-A828-34EB942B241A}
	EndGlobalSection
EndGlobal
