<?xml version="1.0" encoding="utf-8"?>
<Project ToolsVersion="4.0" xmlns="http://schemas.microsoft.com/developer/msbuild/2003">
  <ItemGroup>
    <Filter Include="src">
      <UniqueIdentifier>{2DAB880B-99B4-887C-2230-9F7C8E38947C}</UniqueIdentifier>
    </Filter>
    <Filter Include="src\Acceleration">
      <UniqueIdentifier>{E67E1F0D-D277-3E5F-FBA9-23E4E7011E6B}</UniqueIdentifier>
    </Filter>
    <Filter Include="src\Acceleration\Octree">
      <UniqueIdentifier>{77B9A4BF-E3F0-EC56-ECFA-507A58B11350}</UniqueIdentifier>
    </Filter>
    <Filter Include="src\Game">
      <UniqueIdentifier>{F6C81ECF-E295-79DA-0BAF-6782F7DAAE68}</UniqueIdentifier>
    </Filter>
    <Filter Include="src\Graphics">
      <UniqueIdentifier>{0D564864-F9B8-D708-A23E-10BF8E80A38B}</UniqueIdentifier>
    </Filter>
    <Filter Include="src\Graphics\Raytracing">
      <UniqueIdentifier>{F08511ED-5CBD-5984-65C7-BDA7D17D807D}</UniqueIdentifier>
    </Filter>
    <Filter Include="src\Graphics\Raytracing\gdt">
      <UniqueIdentifier>{3E875E85-AA94-8C6B-337B-88569F875822}</UniqueIdentifier>
    </Filter>
    <Filter Include="src\Graphics\Raytracing\gdt\math">
      <UniqueIdentifier>{F7AEBA0C-E3FF-A54E-0C64-9410F81339B8}</UniqueIdentifier>
    </Filter>
    <Filter Include="src\Graphics\Raytracing\gdt\math\vec">
      <UniqueIdentifier>{A41BF337-9002-B52F-3953-1B4D25192E96}</UniqueIdentifier>
    </Filter>
    <Filter Include="src\Graphics\Raytracing\gdt\random">
      <UniqueIdentifier>{4EC7C831-3A03-CC9B-A315-E4928F7074B6}</UniqueIdentifier>
    </Filter>
    <Filter Include="src\ImGui">
      <UniqueIdentifier>{170E22B3-8378-D629-CCB6-87CF3860B47E}</UniqueIdentifier>
    </Filter>
    <Filter Include="src\Keyboard">
      <UniqueIdentifier>{4DC29C63-3925-2C08-E2AA-64BECEECF78A}</UniqueIdentifier>
    </Filter>
    <Filter Include="src\Math">
      <UniqueIdentifier>{261422CF-12E1-7CDA-3BFA-6A822726B268}</UniqueIdentifier>
    </Filter>
    <Filter Include="src\Mouse">
      <UniqueIdentifier>{454C6CB3-B1B6-202A-FAF4-D1CF669EFE7E}</UniqueIdentifier>
    </Filter>
    <Filter Include="src\Physics">
      <UniqueIdentifier>{9F8B9316-0B41-0C0C-9435-06E300EA0210}</UniqueIdentifier>
    </Filter>
    <Filter Include="src\Scene">
      <UniqueIdentifier>{0A06D2B3-7670-862A-BFAE-37D02B58647F}</UniqueIdentifier>
    </Filter>
    <Filter Include="src\illumination">
      <UniqueIdentifier>{F1C464E6-DDBD-8338-06F0-68BDF2476344}</UniqueIdentifier>
    </Filter>
  </ItemGroup>
  <ItemGroup>
    <ClInclude Include="pch.h" />
    <ClInclude Include="src\Acceleration\Octree\Octree.h">
      <Filter>src\Acceleration\Octree</Filter>
    </ClInclude>
    <ClInclude Include="src\Engine.h">
      <Filter>src</Filter>
    </ClInclude>
    <ClInclude Include="src\EngineInclude.h">
      <Filter>src</Filter>
    </ClInclude>
    <ClInclude Include="src\ErrorLogger.h">
      <Filter>src</Filter>
    </ClInclude>
    <ClInclude Include="src\Game\GameObject.h">
      <Filter>src\Game</Filter>
    </ClInclude>
    <ClInclude Include="src\Game\PhysicsObject.h">
      <Filter>src\Game</Filter>
    </ClInclude>
    <ClInclude Include="src\Graphics\AdapterReader.h">
      <Filter>src\Graphics</Filter>
    </ClInclude>
    <ClInclude Include="src\Graphics\Camera.h">
      <Filter>src\Graphics</Filter>
    </ClInclude>
    <ClInclude Include="src\Graphics\Color.h">
      <Filter>src\Graphics</Filter>
    </ClInclude>
    <ClInclude Include="src\Graphics\ConstantBuffer.h">
      <Filter>src\Graphics</Filter>
    </ClInclude>
    <ClInclude Include="src\Graphics\ConstantBufferTypes.h">
      <Filter>src\Graphics</Filter>
    </ClInclude>
    <ClInclude Include="src\Graphics\Graphics.h">
      <Filter>src\Graphics</Filter>
    </ClInclude>
    <ClInclude Include="src\Graphics\IndexBuffer.h">
      <Filter>src\Graphics</Filter>
    </ClInclude>
    <ClInclude Include="src\Graphics\Light.h">
      <Filter>src\Graphics</Filter>
    </ClInclude>
    <ClInclude Include="src\Graphics\Mesh.h">
      <Filter>src\Graphics</Filter>
    </ClInclude>
    <ClInclude Include="src\Graphics\ModelSimple.h">
      <Filter>src\Graphics</Filter>
    </ClInclude>
    <ClInclude Include="src\Graphics\Raytracing\CUDABuffer.h">
      <Filter>src\Graphics\Raytracing</Filter>
    </ClInclude>
    <ClInclude Include="src\Graphics\Raytracing\ErrorChecking.h">
      <Filter>src\Graphics\Raytracing</Filter>
    </ClInclude>
    <ClInclude Include="src\Graphics\Raytracing\LaunchParams.h">
      <Filter>src\Graphics\Raytracing</Filter>
    </ClInclude>
    <ClInclude Include="src\Graphics\Raytracing\OptixCommands.h">
      <Filter>src\Graphics\Raytracing</Filter>
    </ClInclude>
    <ClInclude Include="src\Graphics\Raytracing\SampleRenderer.h">
      <Filter>src\Graphics\Raytracing</Filter>
    </ClInclude>
    <ClInclude Include="src\Graphics\Raytracing\gdt\gdt.h">
      <Filter>src\Graphics\Raytracing\gdt</Filter>
    </ClInclude>
    <ClInclude Include="src\Graphics\Raytracing\gdt\math\AffineSpace.h">
      <Filter>src\Graphics\Raytracing\gdt\math</Filter>
    </ClInclude>
    <ClInclude Include="src\Graphics\Raytracing\gdt\math\LinearSpace.h">
      <Filter>src\Graphics\Raytracing\gdt\math</Filter>
    </ClInclude>
    <ClInclude Include="src\Graphics\Raytracing\gdt\math\Quaternion.h">
      <Filter>src\Graphics\Raytracing\gdt\math</Filter>
    </ClInclude>
    <ClInclude Include="src\Graphics\Raytracing\gdt\math\box.h">
      <Filter>src\Graphics\Raytracing\gdt\math</Filter>
    </ClInclude>
    <ClInclude Include="src\Graphics\Raytracing\gdt\math\constants.h">
      <Filter>src\Graphics\Raytracing\gdt\math</Filter>
    </ClInclude>
    <ClInclude Include="src\Graphics\Raytracing\gdt\math\fixedpoint.h">
      <Filter>src\Graphics\Raytracing\gdt\math</Filter>
    </ClInclude>
    <ClInclude Include="src\Graphics\Raytracing\gdt\math\vec.h">
      <Filter>src\Graphics\Raytracing\gdt\math</Filter>
    </ClInclude>
    <ClInclude Include="src\Graphics\Raytracing\gdt\math\vec\compare.h">
      <Filter>src\Graphics\Raytracing\gdt\math\vec</Filter>
    </ClInclude>
    <ClInclude Include="src\Graphics\Raytracing\gdt\math\vec\functors.h">
      <Filter>src\Graphics\Raytracing\gdt\math\vec</Filter>
    </ClInclude>
    <ClInclude Include="src\Graphics\Raytracing\gdt\math\vec\rotate.h">
      <Filter>src\Graphics\Raytracing\gdt\math\vec</Filter>
    </ClInclude>
    <ClInclude Include="src\Graphics\Raytracing\gdt\random\random.h">
      <Filter>src\Graphics\Raytracing\gdt\random</Filter>
    </ClInclude>
    <ClInclude Include="src\Graphics\Shader.h">
      <Filter>src\Graphics</Filter>
    </ClInclude>
    <ClInclude Include="src\Graphics\Texture.h">
      <Filter>src\Graphics</Filter>
    </ClInclude>
    <ClInclude Include="src\Graphics\ThirdPersonCamera.h">
      <Filter>src\Graphics</Filter>
    </ClInclude>
    <ClInclude Include="src\Graphics\Vertex.h">
      <Filter>src\Graphics</Filter>
    </ClInclude>
    <ClInclude Include="src\Graphics\VertexBuffer.h">
      <Filter>src\Graphics</Filter>
    </ClInclude>
    <ClInclude Include="src\ImGui\imconfig.h">
      <Filter>src\ImGui</Filter>
    </ClInclude>
    <ClInclude Include="src\ImGui\imgui.h">
      <Filter>src\ImGui</Filter>
    </ClInclude>
    <ClInclude Include="src\ImGui\imgui_impl_dx11.h">
      <Filter>src\ImGui</Filter>
    </ClInclude>
    <ClInclude Include="src\ImGui\imgui_impl_dx12.h">
      <Filter>src\ImGui</Filter>
    </ClInclude>
    <ClInclude Include="src\ImGui\imgui_impl_win32.h">
      <Filter>src\ImGui</Filter>
    </ClInclude>
    <ClInclude Include="src\ImGui\imgui_internal.h">
      <Filter>src\ImGui</Filter>
    </ClInclude>
    <ClInclude Include="src\ImGui\imstb_rectpack.h">
      <Filter>src\ImGui</Filter>
    </ClInclude>
    <ClInclude Include="src\ImGui\imstb_textedit.h">
      <Filter>src\ImGui</Filter>
    </ClInclude>
    <ClInclude Include="src\ImGui\imstb_truetype.h">
      <Filter>src\ImGui</Filter>
    </ClInclude>
    <ClInclude Include="src\Keyboard\KeyboardClass.h">
      <Filter>src\Keyboard</Filter>
    </ClInclude>
    <ClInclude Include="src\Keyboard\KeyboardEvent.h">
      <Filter>src\Keyboard</Filter>
    </ClInclude>
    <ClInclude Include="src\Math\AABB.h">
      <Filter>src\Math</Filter>
    </ClInclude>
    <ClInclude Include="src\Math\Ray.h">
      <Filter>src\Math</Filter>
    </ClInclude>
    <ClInclude Include="src\Math\Triangle.h">
      <Filter>src\Math</Filter>
    </ClInclude>
    <ClInclude Include="src\Mouse\MouseClass.h">
      <Filter>src\Mouse</Filter>
    </ClInclude>
    <ClInclude Include="src\Mouse\MouseEvent.h">
      <Filter>src\Mouse</Filter>
    </ClInclude>
    <ClInclude Include="src\Physics\PhysicsWorld.h">
      <Filter>src\Physics</Filter>
    </ClInclude>
    <ClInclude Include="src\RenderWindow.h">
      <Filter>src</Filter>
    </ClInclude>
    <ClInclude Include="src\Scene\Scene.h">
      <Filter>src\Scene</Filter>
    </ClInclude>
    <ClInclude Include="src\StringConverter.h">
      <Filter>src</Filter>
    </ClInclude>
    <ClInclude Include="src\Timer.h">
      <Filter>src</Filter>
    </ClInclude>
    <ClInclude Include="src\WindowContainer.h">
      <Filter>src</Filter>
    </ClInclude>
    <ClInclude Include="src\illumination\Surfel.h">
      <Filter>src\illumination</Filter>
    </ClInclude>
    <ClInclude Include="src\illumination\SurfelGenerator.h">
      <Filter>src\illumination</Filter>
    </ClInclude>
    <ClInclude Include="src\resource.h">
      <Filter>src</Filter>
    </ClInclude>
    <ClInclude Include="stb_image.h" />
    <ClInclude Include="stb_image_write.h" />
  </ItemGroup>
  <ItemGroup>
    <ClCompile Include="STB_Image.cpp" />
    <ClCompile Include="main.cpp" />
    <ClCompile Include="pch.cpp" />
    <ClCompile Include="src\Acceleration\Octree\Octree.cpp">
      <Filter>src\Acceleration\Octree</Filter>
    </ClCompile>
    <ClCompile Include="src\Engine.cpp">
      <Filter>src</Filter>
    </ClCompile>
    <ClCompile Include="src\ErrorLogger.cpp">
      <Filter>src</Filter>
    </ClCompile>
    <ClCompile Include="src\Game\GameObject.cpp">
      <Filter>src\Game</Filter>
    </ClCompile>
    <ClCompile Include="src\Game\PhysicsObject.cpp">
      <Filter>src\Game</Filter>
    </ClCompile>
    <ClCompile Include="src\Graphics\AdapterReader.cpp">
      <Filter>src\Graphics</Filter>
    </ClCompile>
    <ClCompile Include="src\Graphics\Camera.cpp">
      <Filter>src\Graphics</Filter>
    </ClCompile>
    <ClCompile Include="src\Graphics\Color.cpp">
      <Filter>src\Graphics</Filter>
    </ClCompile>
    <ClCompile Include="src\Graphics\ConstantBuffer.cpp">
      <Filter>src\Graphics</Filter>
    </ClCompile>
    <ClCompile Include="src\Graphics\Graphics.cpp">
      <Filter>src\Graphics</Filter>
    </ClCompile>
    <ClCompile Include="src\Graphics\IndexBuffer.cpp">
      <Filter>src\Graphics</Filter>
    </ClCompile>
    <ClCompile Include="src\Graphics\Light.cpp">
      <Filter>src\Graphics</Filter>
    </ClCompile>
    <ClCompile Include="src\Graphics\Mesh.cpp">
      <Filter>src\Graphics</Filter>
    </ClCompile>
    <ClCompile Include="src\Graphics\ModelSimple.cpp">
      <Filter>src\Graphics</Filter>
    </ClCompile>
    <ClCompile Include="src\Graphics\Raytracing\Accu_embedded_ptx_code.c">
      <Filter>src\Graphics\Raytracing</Filter>
    </ClCompile>
    <ClCompile Include="src\Graphics\Raytracing\LaunchParams.cpp">
      <Filter>src\Graphics\Raytracing</Filter>
    </ClCompile>
    <ClCompile Include="src\Graphics\Raytracing\Pack_embedded_ptx_code.c">
      <Filter>src\Graphics\Raytracing</Filter>
    </ClCompile>
    <ClCompile Include="src\Graphics\Raytracing\SampleRenderer.cpp">
      <Filter>src\Graphics\Raytracing</Filter>
    </ClCompile>
    <ClCompile Include="src\Graphics\Raytracing\gdt\gdt.cpp">
      <Filter>src\Graphics\Raytracing\gdt</Filter>
    </ClCompile>
    <ClCompile Include="src\Graphics\Shader.cpp">
      <Filter>src\Graphics</Filter>
    </ClCompile>
    <ClCompile Include="src\Graphics\Texture.cpp">
      <Filter>src\Graphics</Filter>
    </ClCompile>
    <ClCompile Include="src\Graphics\ThirdPersonCamera.cpp">
      <Filter>src\Graphics</Filter>
    </ClCompile>
    <ClCompile Include="src\Graphics\VertexBuffer.cpp">
      <Filter>src\Graphics</Filter>
    </ClCompile>
    <ClCompile Include="src\ImGui\imgui.cpp">
      <Filter>src\ImGui</Filter>
    </ClCompile>
    <ClCompile Include="src\ImGui\imgui_demo.cpp">
      <Filter>src\ImGui</Filter>
    </ClCompile>
    <ClCompile Include="src\ImGui\imgui_draw.cpp">
      <Filter>src\ImGui</Filter>
    </ClCompile>
    <ClCompile Include="src\ImGui\imgui_impl_dx11.cpp">
      <Filter>src\ImGui</Filter>
    </ClCompile>
    <ClCompile Include="src\ImGui\imgui_impl_dx12.cpp">
      <Filter>src\ImGui</Filter>
    </ClCompile>
    <ClCompile Include="src\ImGui\imgui_impl_win32.cpp">
      <Filter>src\ImGui</Filter>
    </ClCompile>
    <ClCompile Include="src\ImGui\imgui_tables.cpp">
      <Filter>src\ImGui</Filter>
    </ClCompile>
    <ClCompile Include="src\ImGui\imgui_widgets.cpp">
      <Filter>src\ImGui</Filter>
    </ClCompile>
    <ClCompile Include="src\Keyboard\KeyboardClass.cpp">
      <Filter>src\Keyboard</Filter>
    </ClCompile>
    <ClCompile Include="src\Keyboard\KeyboardEvent.cpp">
      <Filter>src\Keyboard</Filter>
    </ClCompile>
    <ClCompile Include="src\Math\AABB.cpp">
      <Filter>src\Math</Filter>
    </ClCompile>
    <ClCompile Include="src\Math\Ray.cpp">
      <Filter>src\Math</Filter>
    </ClCompile>
    <ClCompile Include="src\Math\Triangle.cpp">
      <Filter>src\Math</Filter>
    </ClCompile>
    <ClCompile Include="src\Mouse\MouseClass.cpp">
      <Filter>src\Mouse</Filter>
    </ClCompile>
    <ClCompile Include="src\Mouse\MouseEvent.cpp">
      <Filter>src\Mouse</Filter>
    </ClCompile>
    <ClCompile Include="src\Physics\PhysicsWorld.cpp">
      <Filter>src\Physics</Filter>
    </ClCompile>
    <ClCompile Include="src\RenderWindow.cpp">
      <Filter>src</Filter>
    </ClCompile>
    <ClCompile Include="src\Scene\Scene.cpp">
      <Filter>src\Scene</Filter>
    </ClCompile>
    <ClCompile Include="src\StringConverter.cpp">
      <Filter>src</Filter>
    </ClCompile>
    <ClCompile Include="src\Timer.cpp">
      <Filter>src</Filter>
    </ClCompile>
    <ClCompile Include="src\WindowContainer.cpp">
      <Filter>src</Filter>
    </ClCompile>
    <ClCompile Include="src\illumination\Surfel.cpp">
      <Filter>src\illumination</Filter>
    </ClCompile>
    <ClCompile Include="src\illumination\SurfelGenerator.cpp">
      <Filter>src\illumination</Filter>
    </ClCompile>
  </ItemGroup>
</Project>